
Microsoft Visual Studio Solution File, Format Version 12.00
# Visual Studio Version 17
VisualStudioVersion = 17.10.35013.160
MinimumVisualStudioVersion = 10.0.40219.1
Project("{FAE04EC0-301F-11D3-BF4B-00C04F79EFBC}") = "WebApplication2", "WebApplication2.csproj", "{8CB04322-3930-4E2D-97C0-80115244BBF9}"
EndProject
Global
	GlobalSection(SolutionConfigurationPlatforms) = preSolution
		Debug|Any CPU = Debug|Any CPU
		Release|Any CPU = Release|Any CPU
	EndGlobalSection
	GlobalSection(ProjectConfigurationPlatforms) = postSolution
		{8CB04322-3930-4E2D-97C0-80115244BBF9}.Debug|Any CPU.ActiveCfg = Debug|Any CPU
		{8CB04322-3930-4E2D-97C0-80115244BBF9}.Debug|Any CPU.Build.0 = Debug|Any CPU
		{8CB04322-3930-4E2D-97C0-80115244BBF9}.Release|Any CPU.ActiveCfg = Release|Any CPU
		{8CB04322-3930-4E2D-97C0-80115244BBF9}.Release|Any CPU.Build.0 = Release|Any CPU
	EndGlobalSection
	GlobalSection(SolutionProperties) = preSolution
		HideSolutionNode = FALSE
	EndGlobalSection
	GlobalSection(ExtensibilityGlobals) = postSolution
		SolutionGuid = {06A6AFDE-DBB7-4F16-9278-1AF93D5EAB84}
	EndGlobalSection
EndGlobal
